
Microsoft Visual Studio Solution File, Format Version 12.00
# Visual Studio Version 16
VisualStudioVersion = 16.0.30225.117
MinimumVisualStudioVersion = 10.0.40219.1
Project("{FAE04EC0-301F-11D3-BF4B-00C04F79EFBC}") = "BookStoreAPIsMongo", "BookStoreAPIsMongo\BookStoreAPIsMongo.csproj", "{4F90F07F-702C-4883-B70B-AA95536C63DB}"
EndProject
Global
	GlobalSection(SolutionConfigurationPlatforms) = preSolution
		Debug|Any CPU = Debug|Any CPU
		Release|Any CPU = Release|Any CPU
	EndGlobalSection
	GlobalSection(ProjectConfigurationPlatforms) = postSolution
		{4F90F07F-702C-4883-B70B-AA95536C63DB}.Debug|Any CPU.ActiveCfg = Debug|Any CPU
		{4F90F07F-702C-4883-B70B-AA95536C63DB}.Debug|Any CPU.Build.0 = Debug|Any CPU
		{4F90F07F-702C-4883-B70B-AA95536C63DB}.Release|Any CPU.ActiveCfg = Release|Any CPU
		{4F90F07F-702C-4883-B70B-AA95536C63DB}.Release|Any CPU.Build.0 = Release|Any CPU
	EndGlobalSection
	GlobalSection(SolutionProperties) = preSolution
		HideSolutionNode = FALSE
	EndGlobalSection
	GlobalSection(ExtensibilityGlobals) = postSolution
		SolutionGuid = {A631166B-D5E4-44DA-BCB9-CF58B679F432}
	EndGlobalSection
EndGlobal
